
Microsoft Visual Studio Solution File, Format Version 12.00
# Visual Studio Version 17
VisualStudioVersion = 17.11.35208.52
MinimumVisualStudioVersion = 10.0.40219.1
Project("{FAE04EC0-301F-11D3-BF4B-00C04F79EFBC}") = "WpfQLSV", "WpfQLSV\WpfQLSV.csproj", "{10938969-A372-4CD7-BCED-4FF19328E78C}"
EndProject
Global
	GlobalSection(SolutionConfigurationPlatforms) = preSolution
		Debug|Any CPU = Debug|Any CPU
		Release|Any CPU = Release|Any CPU
	EndGlobalSection
	GlobalSection(ProjectConfigurationPlatforms) = postSolution
		{10938969-A372-4CD7-BCED-4FF19328E78C}.Debug|Any CPU.ActiveCfg = Debug|Any CPU
		{10938969-A372-4CD7-BCED-4FF19328E78C}.Debug|Any CPU.Build.0 = Debug|Any CPU
		{10938969-A372-4CD7-BCED-4FF19328E78C}.Release|Any CPU.ActiveCfg = Release|Any CPU
		{10938969-A372-4CD7-BCED-4FF19328E78C}.Release|Any CPU.Build.0 = Release|Any CPU
	EndGlobalSection
	GlobalSection(SolutionProperties) = preSolution
		HideSolutionNode = FALSE
	EndGlobalSection
	GlobalSection(ExtensibilityGlobals) = postSolution
		SolutionGuid = {C02F3BEB-AA98-45B3-8D47-1C81419EEF2D}
	EndGlobalSection
EndGlobal
